<?xml version="1.0" encoding="utf-8"?>
<Project ToolsVersion="4.0" xmlns="http://schemas.microsoft.com/developer/msbuild/2003">
  <ItemGroup>
    <Filter Include="소스 파일">
      <UniqueIdentifier>{4FC737F1-C7A5-4376-A066-2A32D752A2FF}</UniqueIdentifier>
      <Extensions>cpp;c;cc;cxx;def;odl;idl;hpj;bat;asm;asmx</Extensions>
    </Filter>
    <Filter Include="헤더 파일">
      <UniqueIdentifier>{93995380-89BD-4b04-88EB-625FBE52EBFB}</UniqueIdentifier>
      <Extensions>h;hh;hpp;hxx;hm;inl;inc;ipp;xsd</Extensions>
    </Filter>
    <Filter Include="리소스 파일">
      <UniqueIdentifier>{67DA6AB6-F800-4c08-8B7A-83BB121AAD01}</UniqueIdentifier>
      <Extensions>rc;ico;cur;bmp;dlg;rc2;rct;bin;rgs;gif;jpg;jpeg;jpe;resx;tiff;tif;png;wav;mfcribbon-ms</Extensions>
    </Filter>
    <Filter Include="소스 파일\6/20">
      <UniqueIdentifier>{34e491ac-dc7d-485d-b1b2-a05383f51cb8}</UniqueIdentifier>
    </Filter>
    <Filter Include="소스 파일\6/18">
      <UniqueIdentifier>{883bb268-396a-4ead-af29-d823ab5f1ba1}</UniqueIdentifier>
    </Filter>
    <Filter Include="소스 파일\6/21">
      <UniqueIdentifier>{6c8eb7d5-0a76-45bb-aab4-eff663b9579a}</UniqueIdentifier>
    </Filter>
    <Filter Include="소스 파일\6/26">
      <UniqueIdentifier>{cffcbb8a-4b72-49c4-a70b-7934d6494255}</UniqueIdentifier>
    </Filter>
    <Filter Include="소스 파일\6/28">
      <UniqueIdentifier>{08fb8f9f-e689-4004-9c3c-f3b9d902c4cd}</UniqueIdentifier>
    </Filter>
    <Filter Include="헤더 파일\6/28">
      <UniqueIdentifier>{194253ac-ebd8-420d-a501-c3a4411a6dc7}</UniqueIdentifier>
    </Filter>
  </ItemGroup>
  <ItemGroup>
    <ClInclude Include="stdafx.h">
      <Filter>헤더 파일</Filter>
    </ClInclude>
    <ClInclude Include="targetver.h">
      <Filter>헤더 파일</Filter>
    </ClInclude>
    <ClInclude Include="Resource.h">
      <Filter>헤더 파일</Filter>
    </ClInclude>
    <ClInclude Include="winAPIPractice.h">
      <Filter>헤더 파일</Filter>
    </ClInclude>
    <ClInclude Include="AllFunc.h">
      <Filter>리소스 파일</Filter>
    </ClInclude>
    <ClInclude Include="SNAKE.h">
      <Filter>소스 파일\6/26</Filter>
    </ClInclude>
    <ClInclude Include="Ball.h">
      <Filter>헤더 파일\6/28</Filter>
    </ClInclude>
    <ClInclude Include="GameCenter.h">
      <Filter>헤더 파일\6/28</Filter>
    </ClInclude>
    <ClInclude Include="State.h">
      <Filter>헤더 파일\6/28</Filter>
    </ClInclude>
    <ClInclude Include="Vector2.h">
      <Filter>헤더 파일\6/28</Filter>
    </ClInclude>
  </ItemGroup>
  <ItemGroup>
    <ClCompile Include="stdafx.cpp">
      <Filter>소스 파일</Filter>
    </ClCompile>
    <ClCompile Include="WINAPI 기본.cpp">
      <Filter>소스 파일</Filter>
    </ClCompile>
    <ClCompile Include="..\StartWithBareHand\ex1-1.cpp">
      <Filter>소스 파일\6/18</Filter>
    </ClCompile>
    <ClCompile Include="..\StartWithBareHand\ex2-1.cpp">
      <Filter>소스 파일\6/18</Filter>
    </ClCompile>
    <ClCompile Include="Inputarrowrect.cpp">
      <Filter>소스 파일\6/20</Filter>
    </ClCompile>
    <ClCompile Include="MakeStartWithPolygon.cpp">
      <Filter>소스 파일\6/20</Filter>
    </ClCompile>
    <ClCompile Include="windowTextInput.cpp">
      <Filter>소스 파일\6/20</Filter>
    </ClCompile>
    <ClCompile Include="MakeSunflower.cpp">
      <Filter>소스 파일\6/20</Filter>
    </ClCompile>
    <ClCompile Include="MakeRandomPolygon.cpp">
      <Filter>소스 파일\6/20</Filter>
    </ClCompile>
    <ClCompile Include="keyboardinputcontrol.cpp">
      <Filter>소스 파일\6/21</Filter>
    </ClCompile>
    <ClCompile Include="settimerFunc.cpp">
      <Filter>소스 파일\6/21</Filter>
    </ClCompile>
    <ClCompile Include="mouseinput.cpp">
      <Filter>소스 파일\6/21</Filter>
    </ClCompile>
    <ClCompile Include="mouseDrag.cpp">
      <Filter>소스 파일\6/21</Filter>
    </ClCompile>
    <ClCompile Include="rasteroperator.cpp">
      <Filter>소스 파일\6/21</Filter>
    </ClCompile>
    <ClCompile Include="bouncingBall.cpp">
      <Filter>소스 파일\6/21</Filter>
    </ClCompile>
    <ClCompile Include="insertMenu.cpp">
      <Filter>소스 파일\6/26</Filter>
    </ClCompile>
    <ClCompile Include="snakeGame.cpp">
      <Filter>소스 파일\6/26</Filter>
    </ClCompile>
    <ClCompile Include="SNAKE.cpp">
      <Filter>소스 파일\6/26</Filter>
    </ClCompile>
    <ClCompile Include="Vector2.cpp">
      <Filter>소스 파일\6/28</Filter>
    </ClCompile>
    <ClCompile Include="ClimbingBall.cpp">
      <Filter>소스 파일\6/28</Filter>
    </ClCompile>
    <ClCompile Include="State.cpp">
      <Filter>소스 파일\6/28</Filter>
    </ClCompile>
    <ClCompile Include="Ball.cpp">
      <Filter>소스 파일\6/28</Filter>
    </ClCompile>
    <ClCompile Include="GameCenter.cpp">
      <Filter>소스 파일\6/28</Filter>
    </ClCompile>
  </ItemGroup>
  <ItemGroup>
    <ResourceCompile Include="winAPIPractice.rc">
      <Filter>리소스 파일</Filter>
    </ResourceCompile>
  </ItemGroup>
  <ItemGroup>
    <Image Include="small.ico">
      <Filter>리소스 파일</Filter>
    </Image>
    <Image Include="winAPIPractice.ico">
      <Filter>리소스 파일</Filter>
    </Image>
  </ItemGroup>
  <ItemGroup>
    <Text Include="testtest.txt">
      <Filter>소스 파일\6/26</Filter>
    </Text>
  </ItemGroup>
</Project>