
Microsoft Visual Studio Solution File, Format Version 12.00
# Visual Studio 15
VisualStudioVersion = 15.0.28307.645
MinimumVisualStudioVersion = 10.0.40219.1
Project("{8BC9CEB8-8B4A-11D0-8D11-00A0C91BC942}") = "winAPIPractice", "winAPIPractice.vcxproj", "{B04F320A-19BF-4360-9043-7D2A08240662}"
EndProject
Project("{8BC9CEB8-8B4A-11D0-8D11-00A0C91BC942}") = "BouncingPolygons", "..\BouncingPolygons\BouncingPolygons.vcxproj", "{97B4BADA-9133-4B65-84B5-E850CC2D64C0}"
EndProject
Project("{8BC9CEB8-8B4A-11D0-8D11-00A0C91BC942}") = "TankDefence", "..\TankDefence\TankDefence.vcxproj", "{B186A132-852A-420A-8EA5-660B9AEB3D6B}"
EndProject
Project("{8BC9CEB8-8B4A-11D0-8D11-00A0C91BC942}") = "Socket_Client", "Socket_Client\Socket_Client.vcxproj", "{4AAFCB23-5C5F-4AB8-BB9E-5FE7515D1FFC}"
EndProject
Project("{8BC9CEB8-8B4A-11D0-8D11-00A0C91BC942}") = "Socket_Server", "Socket_Server\Socket_Server\Socket_Server.vcxproj", "{98F853E0-0D0E-461A-8D12-4E4CBFCB69C8}"
EndProject
Project("{8BC9CEB8-8B4A-11D0-8D11-00A0C91BC942}") = "Gomoku", "Gomoku\Gomoku.vcxproj", "{046C53C2-AEE4-4794-952B-491EE49728AE}"
EndProject
Project("{8BC9CEB8-8B4A-11D0-8D11-00A0C91BC942}") = "SilverServer", "SilverServer\SilverServer.vcxproj", "{94596BFB-0E56-4BF2-9922-F3C42B6BAEE4}"
EndProject
Global
	GlobalSection(SolutionConfigurationPlatforms) = preSolution
		Debug|x64 = Debug|x64
		Debug|x86 = Debug|x86
		Release|x64 = Release|x64
		Release|x86 = Release|x86
	EndGlobalSection
	GlobalSection(ProjectConfigurationPlatforms) = postSolution
		{B04F320A-19BF-4360-9043-7D2A08240662}.Debug|x64.ActiveCfg = Debug|x64
		{B04F320A-19BF-4360-9043-7D2A08240662}.Debug|x64.Build.0 = Debug|x64
		{B04F320A-19BF-4360-9043-7D2A08240662}.Debug|x86.ActiveCfg = Debug|Win32
		{B04F320A-19BF-4360-9043-7D2A08240662}.Debug|x86.Build.0 = Debug|Win32
		{B04F320A-19BF-4360-9043-7D2A08240662}.Release|x64.ActiveCfg = Release|x64
		{B04F320A-19BF-4360-9043-7D2A08240662}.Release|x64.Build.0 = Release|x64
		{B04F320A-19BF-4360-9043-7D2A08240662}.Release|x86.ActiveCfg = Release|Win32
		{B04F320A-19BF-4360-9043-7D2A08240662}.Release|x86.Build.0 = Release|Win32
		{97B4BADA-9133-4B65-84B5-E850CC2D64C0}.Debug|x64.ActiveCfg = Debug|x64
		{97B4BADA-9133-4B65-84B5-E850CC2D64C0}.Debug|x64.Build.0 = Debug|x64
		{97B4BADA-9133-4B65-84B5-E850CC2D64C0}.Debug|x86.ActiveCfg = Debug|Win32
		{97B4BADA-9133-4B65-84B5-E850CC2D64C0}.Debug|x86.Build.0 = Debug|Win32
		{97B4BADA-9133-4B65-84B5-E850CC2D64C0}.Release|x64.ActiveCfg = Release|x64
		{97B4BADA-9133-4B65-84B5-E850CC2D64C0}.Release|x64.Build.0 = Release|x64
		{97B4BADA-9133-4B65-84B5-E850CC2D64C0}.Release|x86.ActiveCfg = Release|Win32
		{97B4BADA-9133-4B65-84B5-E850CC2D64C0}.Release|x86.Build.0 = Release|Win32
		{B186A132-852A-420A-8EA5-660B9AEB3D6B}.Debug|x64.ActiveCfg = Debug|x64
		{B186A132-852A-420A-8EA5-660B9AEB3D6B}.Debug|x64.Build.0 = Debug|x64
		{B186A132-852A-420A-8EA5-660B9AEB3D6B}.Debug|x86.ActiveCfg = Debug|Win32
		{B186A132-852A-420A-8EA5-660B9AEB3D6B}.Debug|x86.Build.0 = Debug|Win32
		{B186A132-852A-420A-8EA5-660B9AEB3D6B}.Release|x64.ActiveCfg = Release|x64
		{B186A132-852A-420A-8EA5-660B9AEB3D6B}.Release|x64.Build.0 = Release|x64
		{B186A132-852A-420A-8EA5-660B9AEB3D6B}.Release|x86.ActiveCfg = Release|Win32
		{B186A132-852A-420A-8EA5-660B9AEB3D6B}.Release|x86.Build.0 = Release|Win32
		{4AAFCB23-5C5F-4AB8-BB9E-5FE7515D1FFC}.Debug|x64.ActiveCfg = Debug|x64
		{4AAFCB23-5C5F-4AB8-BB9E-5FE7515D1FFC}.Debug|x64.Build.0 = Debug|x64
		{4AAFCB23-5C5F-4AB8-BB9E-5FE7515D1FFC}.Debug|x86.ActiveCfg = Debug|Win32
		{4AAFCB23-5C5F-4AB8-BB9E-5FE7515D1FFC}.Debug|x86.Build.0 = Debug|Win32
		{4AAFCB23-5C5F-4AB8-BB9E-5FE7515D1FFC}.Release|x64.ActiveCfg = Release|x64
		{4AAFCB23-5C5F-4AB8-BB9E-5FE7515D1FFC}.Release|x64.Build.0 = Release|x64
		{4AAFCB23-5C5F-4AB8-BB9E-5FE7515D1FFC}.Release|x86.ActiveCfg = Release|Win32
		{4AAFCB23-5C5F-4AB8-BB9E-5FE7515D1FFC}.Release|x86.Build.0 = Release|Win32
		{98F853E0-0D0E-461A-8D12-4E4CBFCB69C8}.Debug|x64.ActiveCfg = Debug|x64
		{98F853E0-0D0E-461A-8D12-4E4CBFCB69C8}.Debug|x64.Build.0 = Debug|x64
		{98F853E0-0D0E-461A-8D12-4E4CBFCB69C8}.Debug|x86.ActiveCfg = Debug|Win32
		{98F853E0-0D0E-461A-8D12-4E4CBFCB69C8}.Debug|x86.Build.0 = Debug|Win32
		{98F853E0-0D0E-461A-8D12-4E4CBFCB69C8}.Release|x64.ActiveCfg = Release|x64
		{98F853E0-0D0E-461A-8D12-4E4CBFCB69C8}.Release|x64.Build.0 = Release|x64
		{98F853E0-0D0E-461A-8D12-4E4CBFCB69C8}.Release|x86.ActiveCfg = Release|Win32
		{98F853E0-0D0E-461A-8D12-4E4CBFCB69C8}.Release|x86.Build.0 = Release|Win32
		{046C53C2-AEE4-4794-952B-491EE49728AE}.Debug|x64.ActiveCfg = Debug|x64
		{046C53C2-AEE4-4794-952B-491EE49728AE}.Debug|x64.Build.0 = Debug|x64
		{046C53C2-AEE4-4794-952B-491EE49728AE}.Debug|x86.ActiveCfg = Debug|Win32
		{046C53C2-AEE4-4794-952B-491EE49728AE}.Debug|x86.Build.0 = Debug|Win32
		{046C53C2-AEE4-4794-952B-491EE49728AE}.Release|x64.ActiveCfg = Release|x64
		{046C53C2-AEE4-4794-952B-491EE49728AE}.Release|x64.Build.0 = Release|x64
		{046C53C2-AEE4-4794-952B-491EE49728AE}.Release|x86.ActiveCfg = Release|Win32
		{046C53C2-AEE4-4794-952B-491EE49728AE}.Release|x86.Build.0 = Release|Win32
		{94596BFB-0E56-4BF2-9922-F3C42B6BAEE4}.Debug|x64.ActiveCfg = Debug|x64
		{94596BFB-0E56-4BF2-9922-F3C42B6BAEE4}.Debug|x64.Build.0 = Debug|x64
		{94596BFB-0E56-4BF2-9922-F3C42B6BAEE4}.Debug|x86.ActiveCfg = Debug|Win32
		{94596BFB-0E56-4BF2-9922-F3C42B6BAEE4}.Debug|x86.Build.0 = Debug|Win32
		{94596BFB-0E56-4BF2-9922-F3C42B6BAEE4}.Release|x64.ActiveCfg = Release|x64
		{94596BFB-0E56-4BF2-9922-F3C42B6BAEE4}.Release|x64.Build.0 = Release|x64
		{94596BFB-0E56-4BF2-9922-F3C42B6BAEE4}.Release|x86.ActiveCfg = Release|Win32
		{94596BFB-0E56-4BF2-9922-F3C42B6BAEE4}.Release|x86.Build.0 = Release|Win32
	EndGlobalSection
	GlobalSection(SolutionProperties) = preSolution
		HideSolutionNode = FALSE
	EndGlobalSection
	GlobalSection(ExtensibilityGlobals) = postSolution
		SolutionGuid = {E2B21849-5E51-447E-B8F1-F091EFCF307E}
	EndGlobalSection
EndGlobal
